
Microsoft Visual Studio Solution File, Format Version 12.00
# Visual Studio Version 17
VisualStudioVersion = 17.13.35931.197 d17.13
MinimumVisualStudioVersion = 10.0.40219.1
Project("{FAE04EC0-301F-11D3-BF4B-00C04F79EFBC}") = "CryptoApp", "CryptoApp\CryptoApp.csproj", "{B11CBF6F-757F-4ECE-B857-58AFD727EAF8}"
EndProject
Project("{FAE04EC0-301F-11D3-BF4B-00C04F79EFBC}") = "CryptoApp.DataContext", "CryptoApp.DataContext\CryptoApp.DataContext.csproj", "{976C54E1-B4D3-426F-953F-1C2332859C92}"
EndProject
Project("{FAE04EC0-301F-11D3-BF4B-00C04F79EFBC}") = "CryptoApp.Services", "CryptoApp.Services\CryptoApp.Services.csproj", "{7FEFA577-A9A7-4984-97F9-177D4A046B24}"
EndProject
Global
	GlobalSection(SolutionConfigurationPlatforms) = preSolution
		Debug|Any CPU = Debug|Any CPU
		Release|Any CPU = Release|Any CPU
	EndGlobalSection
	GlobalSection(ProjectConfigurationPlatforms) = postSolution
		{B11CBF6F-757F-4ECE-B857-58AFD727EAF8}.Debug|Any CPU.ActiveCfg = Debug|Any CPU
		{B11CBF6F-757F-4ECE-B857-58AFD727EAF8}.Debug|Any CPU.Build.0 = Debug|Any CPU
		{B11CBF6F-757F-4ECE-B857-58AFD727EAF8}.Release|Any CPU.ActiveCfg = Release|Any CPU
		{B11CBF6F-757F-4ECE-B857-58AFD727EAF8}.Release|Any CPU.Build.0 = Release|Any CPU
		{976C54E1-B4D3-426F-953F-1C2332859C92}.Debug|Any CPU.ActiveCfg = Debug|Any CPU
		{976C54E1-B4D3-426F-953F-1C2332859C92}.Debug|Any CPU.Build.0 = Debug|Any CPU
		{976C54E1-B4D3-426F-953F-1C2332859C92}.Release|Any CPU.ActiveCfg = Release|Any CPU
		{976C54E1-B4D3-426F-953F-1C2332859C92}.Release|Any CPU.Build.0 = Release|Any CPU
		{7FEFA577-A9A7-4984-97F9-177D4A046B24}.Debug|Any CPU.ActiveCfg = Debug|Any CPU
		{7FEFA577-A9A7-4984-97F9-177D4A046B24}.Debug|Any CPU.Build.0 = Debug|Any CPU
		{7FEFA577-A9A7-4984-97F9-177D4A046B24}.Release|Any CPU.ActiveCfg = Release|Any CPU
		{7FEFA577-A9A7-4984-97F9-177D4A046B24}.Release|Any CPU.Build.0 = Release|Any CPU
	EndGlobalSection
	GlobalSection(SolutionProperties) = preSolution
		HideSolutionNode = FALSE
	EndGlobalSection
	GlobalSection(ExtensibilityGlobals) = postSolution
		SolutionGuid = {AEC702B9-9E31-49EC-9645-B9366BE5C6D0}
	EndGlobalSection
EndGlobal
